
Microsoft Visual Studio Solution File, Format Version 12.00
# Visual Studio 2013
VisualStudioVersion = 12.0.40629.0
MinimumVisualStudioVersion = 10.0.40219.1
Project("{FAE04EC0-301F-11D3-BF4B-00C04F79EFBC}") = "Swappler", "Swappler\Swappler.csproj", "{49A8F373-7D9E-4EE0-AD62-DCEF7B3C4066}"
EndProject
Project("{FAE04EC0-301F-11D3-BF4B-00C04F79EFBC}") = "TestingConsole", "TestingConsole\TestingConsole.csproj", "{9EB887DC-A02C-4032-8448-CE292D128009}"
EndProject
Project("{FAE04EC0-301F-11D3-BF4B-00C04F79EFBC}") = "UnitTest", "UnitTest\UnitTest.csproj", "{144FA331-6AD7-4B99-B764-FB4E8AD099AE}"
EndProject
Project("{2150E333-8FDC-42A3-9474-1A3956D46DE8}") = ".nuget", ".nuget", "{0E62878F-0817-4B11-B47C-E9C89551C0E3}"
	ProjectSection(SolutionItems) = preProject
		.nuget\NuGet.Config = .nuget\NuGet.Config
		.nuget\NuGet.exe = .nuget\NuGet.exe
		.nuget\NuGet.targets = .nuget\NuGet.targets
	EndProjectSection
EndProject
Global
	GlobalSection(SolutionConfigurationPlatforms) = preSolution
		Debug|Any CPU = Debug|Any CPU
		Release|Any CPU = Release|Any CPU
	EndGlobalSection
	GlobalSection(ProjectConfigurationPlatforms) = postSolution
		{49A8F373-7D9E-4EE0-AD62-DCEF7B3C4066}.Debug|Any CPU.ActiveCfg = Debug|Any CPU
		{49A8F373-7D9E-4EE0-AD62-DCEF7B3C4066}.Debug|Any CPU.Build.0 = Debug|Any CPU
		{49A8F373-7D9E-4EE0-AD62-DCEF7B3C4066}.Release|Any CPU.ActiveCfg = Release|Any CPU
		{49A8F373-7D9E-4EE0-AD62-DCEF7B3C4066}.Release|Any CPU.Build.0 = Release|Any CPU
		{9EB887DC-A02C-4032-8448-CE292D128009}.Debug|Any CPU.ActiveCfg = Debug|Any CPU
		{9EB887DC-A02C-4032-8448-CE292D128009}.Debug|Any CPU.Build.0 = Debug|Any CPU
		{9EB887DC-A02C-4032-8448-CE292D128009}.Release|Any CPU.ActiveCfg = Release|Any CPU
		{9EB887DC-A02C-4032-8448-CE292D128009}.Release|Any CPU.Build.0 = Release|Any CPU
		{144FA331-6AD7-4B99-B764-FB4E8AD099AE}.Debug|Any CPU.ActiveCfg = Debug|Any CPU
		{144FA331-6AD7-4B99-B764-FB4E8AD099AE}.Debug|Any CPU.Build.0 = Debug|Any CPU
		{144FA331-6AD7-4B99-B764-FB4E8AD099AE}.Release|Any CPU.ActiveCfg = Release|Any CPU
		{144FA331-6AD7-4B99-B764-FB4E8AD099AE}.Release|Any CPU.Build.0 = Release|Any CPU
	EndGlobalSection
	GlobalSection(SolutionProperties) = preSolution
		HideSolutionNode = FALSE
	EndGlobalSection
EndGlobal
